
Microsoft Visual Studio Solution File, Format Version 12.00
# Visual Studio Version 16
VisualStudioVersion = 16.0.31019.35
MinimumVisualStudioVersion = 10.0.40219.1
Project("{FAE04EC0-301F-11D3-BF4B-00C04F79EFBC}") = "SortedLinkedList", "SortedLinkedList\SortedLinkedList.csproj", "{68A5DE39-836D-46CE-9843-6670C6E5D042}"
EndProject
Project("{FAE04EC0-301F-11D3-BF4B-00C04F79EFBC}") = "UnitTestSortedLinkedList", "UnitTestSortedLinkedList\UnitTestSortedLinkedList.csproj", "{50E4BB25-BE7F-4C3A-81C0-EFE55EBD744D}"
EndProject
Global
	GlobalSection(SolutionConfigurationPlatforms) = preSolution
		Debug|Any CPU = Debug|Any CPU
		Release|Any CPU = Release|Any CPU
	EndGlobalSection
	GlobalSection(ProjectConfigurationPlatforms) = postSolution
		{68A5DE39-836D-46CE-9843-6670C6E5D042}.Debug|Any CPU.ActiveCfg = Debug|Any CPU
		{68A5DE39-836D-46CE-9843-6670C6E5D042}.Debug|Any CPU.Build.0 = Debug|Any CPU
		{68A5DE39-836D-46CE-9843-6670C6E5D042}.Release|Any CPU.ActiveCfg = Release|Any CPU
		{68A5DE39-836D-46CE-9843-6670C6E5D042}.Release|Any CPU.Build.0 = Release|Any CPU
		{50E4BB25-BE7F-4C3A-81C0-EFE55EBD744D}.Debug|Any CPU.ActiveCfg = Debug|Any CPU
		{50E4BB25-BE7F-4C3A-81C0-EFE55EBD744D}.Debug|Any CPU.Build.0 = Debug|Any CPU
		{50E4BB25-BE7F-4C3A-81C0-EFE55EBD744D}.Release|Any CPU.ActiveCfg = Release|Any CPU
		{50E4BB25-BE7F-4C3A-81C0-EFE55EBD744D}.Release|Any CPU.Build.0 = Release|Any CPU
	EndGlobalSection
	GlobalSection(SolutionProperties) = preSolution
		HideSolutionNode = FALSE
	EndGlobalSection
	GlobalSection(ExtensibilityGlobals) = postSolution
		SolutionGuid = {C0002409-6893-4861-941E-BED4DF78B42B}
	EndGlobalSection
EndGlobal
